
Microsoft Visual Studio Solution File, Format Version 12.00
# Visual Studio Version 16
VisualStudioVersion = 16.0.29509.3
MinimumVisualStudioVersion = 10.0.40219.1
Project("{FAE04EC0-301F-11D3-BF4B-00C04F79EFBC}") = "streaming_images_client", "streaming_images_client\streaming_images_client.csproj", "{1392DF95-F484-443C-B8E6-D0BA76536D48}"
EndProject
Global
	GlobalSection(SolutionConfigurationPlatforms) = preSolution
		Debug|Any CPU = Debug|Any CPU
		Release|Any CPU = Release|Any CPU
	EndGlobalSection
	GlobalSection(ProjectConfigurationPlatforms) = postSolution
		{1392DF95-F484-443C-B8E6-D0BA76536D48}.Debug|Any CPU.ActiveCfg = Debug|Any CPU
		{1392DF95-F484-443C-B8E6-D0BA76536D48}.Debug|Any CPU.Build.0 = Debug|Any CPU
		{1392DF95-F484-443C-B8E6-D0BA76536D48}.Release|Any CPU.ActiveCfg = Release|Any CPU
		{1392DF95-F484-443C-B8E6-D0BA76536D48}.Release|Any CPU.Build.0 = Release|Any CPU
	EndGlobalSection
	GlobalSection(SolutionProperties) = preSolution
		HideSolutionNode = FALSE
	EndGlobalSection
	GlobalSection(ExtensibilityGlobals) = postSolution
		SolutionGuid = {30AB1B4D-1D27-4559-ADEE-2B8E935D301C}
	EndGlobalSection
EndGlobal
